
Microsoft Visual Studio Solution File, Format Version 12.00
# Visual Studio Version 17
VisualStudioVersion = 17.0.31903.59
MinimumVisualStudioVersion = 10.0.40219.1
Project("{FAE04EC0-301F-11D3-BF4B-00C04F79EFBC}") = "Magazine.Core", "Magazine.Core\Magazine.Core.csproj", "{CE9E2083-0EDD-4215-87C7-AED7787F8429}"
EndProject
Project("{FAE04EC0-301F-11D3-BF4B-00C04F79EFBC}") = "Magazine.WebApi", "Magazine.WebApi\Magazine.WebApi.csproj", "{A21E1D63-95CB-4607-A9FA-7D47842F0DFA}"
EndProject
Global
	GlobalSection(SolutionConfigurationPlatforms) = preSolution
		Debug|Any CPU = Debug|Any CPU
		Release|Any CPU = Release|Any CPU
	EndGlobalSection
	GlobalSection(SolutionProperties) = preSolution
		HideSolutionNode = FALSE
	EndGlobalSection
	GlobalSection(ProjectConfigurationPlatforms) = postSolution
		{CE9E2083-0EDD-4215-87C7-AED7787F8429}.Debug|Any CPU.ActiveCfg = Debug|Any CPU
		{CE9E2083-0EDD-4215-87C7-AED7787F8429}.Debug|Any CPU.Build.0 = Debug|Any CPU
		{CE9E2083-0EDD-4215-87C7-AED7787F8429}.Release|Any CPU.ActiveCfg = Release|Any CPU
		{CE9E2083-0EDD-4215-87C7-AED7787F8429}.Release|Any CPU.Build.0 = Release|Any CPU
		{A21E1D63-95CB-4607-A9FA-7D47842F0DFA}.Debug|Any CPU.ActiveCfg = Debug|Any CPU
		{A21E1D63-95CB-4607-A9FA-7D47842F0DFA}.Debug|Any CPU.Build.0 = Debug|Any CPU
		{A21E1D63-95CB-4607-A9FA-7D47842F0DFA}.Release|Any CPU.ActiveCfg = Release|Any CPU
		{A21E1D63-95CB-4607-A9FA-7D47842F0DFA}.Release|Any CPU.Build.0 = Release|Any CPU
	EndGlobalSection
EndGlobal
